
Microsoft Visual Studio Solution File, Format Version 12.00
# Visual Studio 14
VisualStudioVersion = 14.0.25420.1
MinimumVisualStudioVersion = 10.0.40219.1
Project("{FAE04EC0-301F-11D3-BF4B-00C04F79EFBC}") = "Contact", "Contact\Contact.csproj", "{30091C84-BB3D-442C-857C-BF26D3B616F6}"
EndProject
Project("{FAE04EC0-301F-11D3-BF4B-00C04F79EFBC}") = "Win.carousel", "Win.carousel\Win.carousel.csproj", "{2A2D2D47-5F2C-4CB6-B0C4-E54B28A56196}"
EndProject
Project("{FAE04EC0-301F-11D3-BF4B-00C04F79EFBC}") = "Contact.Model", "Contact.Model\Contact.Model.csproj", "{26A6692B-12F0-4601-9972-9C7BE58DE8CA}"
EndProject
Global
	GlobalSection(SolutionConfigurationPlatforms) = preSolution
		Debug|Any CPU = Debug|Any CPU
		Release|Any CPU = Release|Any CPU
	EndGlobalSection
	GlobalSection(ProjectConfigurationPlatforms) = postSolution
		{30091C84-BB3D-442C-857C-BF26D3B616F6}.Debug|Any CPU.ActiveCfg = Debug|Any CPU
		{30091C84-BB3D-442C-857C-BF26D3B616F6}.Debug|Any CPU.Build.0 = Debug|Any CPU
		{30091C84-BB3D-442C-857C-BF26D3B616F6}.Release|Any CPU.ActiveCfg = Release|Any CPU
		{30091C84-BB3D-442C-857C-BF26D3B616F6}.Release|Any CPU.Build.0 = Release|Any CPU
		{2A2D2D47-5F2C-4CB6-B0C4-E54B28A56196}.Debug|Any CPU.ActiveCfg = Debug|Any CPU
		{2A2D2D47-5F2C-4CB6-B0C4-E54B28A56196}.Debug|Any CPU.Build.0 = Debug|Any CPU
		{2A2D2D47-5F2C-4CB6-B0C4-E54B28A56196}.Release|Any CPU.ActiveCfg = Release|Any CPU
		{2A2D2D47-5F2C-4CB6-B0C4-E54B28A56196}.Release|Any CPU.Build.0 = Release|Any CPU
		{26A6692B-12F0-4601-9972-9C7BE58DE8CA}.Debug|Any CPU.ActiveCfg = Debug|Any CPU
		{26A6692B-12F0-4601-9972-9C7BE58DE8CA}.Debug|Any CPU.Build.0 = Debug|Any CPU
		{26A6692B-12F0-4601-9972-9C7BE58DE8CA}.Release|Any CPU.ActiveCfg = Release|Any CPU
		{26A6692B-12F0-4601-9972-9C7BE58DE8CA}.Release|Any CPU.Build.0 = Release|Any CPU
	EndGlobalSection
	GlobalSection(SolutionProperties) = preSolution
		HideSolutionNode = FALSE
	EndGlobalSection
EndGlobal
